<?xml version="1.0" encoding="UTF-8" standalone="yes" ?>
<CodeBlocks_project_file>
	<FileVersion major="1" minor="6" />
	<Project>
		<Option title="Mirai Project" />
		<Option pch_mode="2" />
		<Option compiler="gcc" />
		<Build>
			<Target title="Debug">
				<Option output="bin/Debug/MiraiProject-d" prefix_auto="1" extension_auto="1" />
				<Option object_output="obj/Debug/" />
				<Option type="3" />
				<Option compiler="gcc" />
				<Option createDefFile="1" />
				<Option createStaticLib="1" />
				<Compiler>
					<Add option="-Wall" />
					<Add option="-g" />
					<Add option="-DBUILD_DLL" />
				</Compiler>
				<Linker>
					<Add library="sfml-audio-d" />
					<Add library="sfml-graphics-d" />
					<Add library="sfml-network-d" />
					<Add library="sfml-window-d" />
					<Add library="sfml-system-d" />
				</Linker>
			</Target>
			<Target title="Release">
				<Option output="bin/Release/MiraiProject" prefix_auto="1" extension_auto="1" />
				<Option object_output="obj/Release/" />
				<Option type="3" />
				<Option compiler="gcc" />
				<Option createDefFile="1" />
				<Option createStaticLib="1" />
				<Compiler>
					<Add option="-O2" />
					<Add option="-Wall" />
					<Add option="-DBUILD_DLL" />
				</Compiler>
				<Linker>
					<Add option="-s" />
					<Add library="sfml-audio" />
					<Add library="sfml-graphics" />
					<Add library="sfml-network" />
					<Add library="sfml-window" />
					<Add library="sfml-system" />
				</Linker>
			</Target>
		</Build>
		<Compiler>
			<Add option="-std=c++11" />
			<Add directory="include" />
			<Add directory="extlibs/headers" />
		</Compiler>
		<Linker>
			<Add directory="extlibs/libs-mingw-tdm/x86" />
		</Linker>
		<Unit filename=".gitignore">
			<Option target="&lt;{~None~}&gt;" />
		</Unit>
		<Unit filename="CHANGELOG">
			<Option target="&lt;{~None~}&gt;" />
		</Unit>
		<Unit filename="NORMS">
			<Option target="&lt;{~None~}&gt;" />
		</Unit>
		<Unit filename="TODO">
			<Option target="&lt;{~None~}&gt;" />
		</Unit>
		<Unit filename="include/General/Encryption.hpp" />
		<Unit filename="include/General/log.hpp" />
		<Unit filename="include/General/string_functions.hpp" />
		<Unit filename="include/General/string_functions.tpp" />
		<Unit filename="include/mirai_project.hpp" />
		<Unit filename="src/General/Encryption.cpp" />
		<Unit filename="src/General/log.cpp" />
		<Unit filename="src/General/string_functions.cpp" />
		<Unit filename="src/mirai_project.cpp" />
		<Extensions>
			<code_completion />
			<envvars />
			<debugger />
			<lib_finder disable_auto="1" />
			<DoxyBlocks>
				<comment_style block="2" line="2" />
				<doxyfile_project />
				<doxyfile_build />
				<doxyfile_warnings />
				<doxyfile_output />
				<doxyfile_dot />
				<general />
			</DoxyBlocks>
		</Extensions>
	</Project>
</CodeBlocks_project_file>
